# THIS IS AN AUTOGENERATED FILE. DO NOT EDIT THIS FILE DIRECTLY.
# yarn lockfile v1


particles.js@^2.0.0:
  version "2.0.0"
  resolved "http://r.cnpmjs.org/particles.js/download/particles.js-2.0.0.tgz#21386c4328d6c7f96780a201e96eedfc09c736f6"
  integrity sha1-IThsQyjWx/lngKIB6W7t/AnHNvY=

vue-particles@^1.0.9:
  version "1.0.9"
  resolved "http://r.cnpmjs.org/vue-particles/download/vue-particles-1.0.9.tgz#29d9cc2be0157df1c0a87ec3b96c96f33279526e"
  integrity sha1-KdnMK+AVffHAqH7DuWyW8zJ5Um4=
  dependencies:
    particles.js "^2.0.0"
    vue "^2.2.6"

vue@^2.2.6:
  version "2.6.11"
  resolved "http://r.cnpmjs.org/vue/download/vue-2.6.11.tgz#76594d877d4b12234406e84e35275c6d514125c5"
  integrity sha1-dllNh31LEiNEBuhONSdcbVFBJcU=
